// !$*UTF8*$!
{
	archiveVersion = 1;
	classes = {
	};
	objectVersion = 46;
	objects = {

/* Begin PBXBuildFile section */
		1FB108E61DB527DE007E34AB /* CalculatorBrain.swift in Sources */ = {isa = PBXBuildFile; fileRef = 1FB108E51DB527DE007E34AB /* CalculatorBrain.swift */; };
		1FC5BAE91DAFE67E0038B880 /* AppDelegate.swift in Sources */ = {isa = PBXBuildFile; fileRef = 1FC5BAE81DAFE67E0038B880 /* AppDelegate.swift */; };
		1FC5BAEB1DAFE67E0038B880 /* ViewController.swift in Sources */ = {isa = PBXBuildFile; fileRef = 1FC5BAEA1DAFE67E0038B880 /* ViewController.swift */; };
		1FC5BAEE1DAFE67E0038B880 /* Main.storyboard in Resources */ = {isa = PBXBuildFile; fileRef = 1FC5BAEC1DAFE67E0038B880 /* Main.storyboard */; };
		1FC5BAF01DAFE67E0038B880 /* Assets.xcassets in Resources */ = {isa = PBXBuildFile; fileRef = 1FC5BAEF1DAFE67E0038B880 /* Assets.xcassets */; };
		1FC5BAF31DAFE67E0038B880 /* LaunchScreen.storyboard in Resources */ = {isa = PBXBuildFile; fileRef = 1FC5BAF11DAFE67E0038B880 /* LaunchScreen.storyboard */; };
/* End PBXBuildFile section */

/* Begin PBXFileReference section */
		1FB108E51DB527DE007E34AB /* CalculatorBrain.swift */ = {isa = PBXFileReference; fileEncoding = 4; lastKnownFileType = sourcecode.swift; path = CalculatorBrain.swift; sourceTree = "<group>"; };
		1FC5BAE51DAFE67E0038B880 /* SF_Calculator.app */ = {isa = PBXFileReference; explicitFileType = wrapper.application; includeInIndex = 0; path = SF_Calculator.app; sourceTree = BUILT_PRODUCTS_DIR; };
		1FC5BAE81DAFE67E0038B880 /* AppDelegate.swift */ = {isa = PBXFileReference; lastKnownFileType = sourcecode.swift; path = AppDelegate.swift; sourceTree = "<group>"; };
		1FC5BAEA1DAFE67E0038B880 /* ViewController.swift */ = {isa = PBXFileReference; lastKnownFileType = sourcecode.swift; path = ViewController.swift; sourceTree = "<group>"; };
		1FC5BAED1DAFE67E0038B880 /* Base */ = {isa = PBXFileReference; lastKnownFileType = file.storyboard; name = Base; path = Base.lproj/Main.storyboard; sourceTree = "<group>"; };
		1FC5BAEF1DAFE67E0038B880 /* Assets.xcassets */ = {isa = PBXFileReference; lastKnownFileType = folder.assetcatalog; path = Assets.xcassets; sourceTree = "<group>"; };
		1FC5BAF21DAFE67E0038B880 /* Base */ = {isa = PBXFileReference; lastKnownFileType = file.storyboard; name = Base; path = Base.lproj/LaunchScreen.storyboard; sourceTree = "<group>"; };
		1FC5BAF41DAFE67E0038B880 /* Info.plist */ = {isa = PBXFileReference; lastKnownFileType = text.plist.xml; path = Info.plist; sourceTree = "<group>"; };
/* End PBXFileReference section */

/* Begin PBXFrameworksBuildPhase section */
		1FC5BAE21DAFE67D0038B880 /* Frameworks */ = {
			isa = PBXFrameworksBuildPhase;
			buildActionMask = 2147483647;
			files = (
			);
			runOnlyForDeploymentPostprocessing = 0;
		};
/* End PBXFrameworksBuildPhase section */

/* Begin PBXGroup section */
		1FC5BADC1DAFE67D0038B880 = {
			isa = PBXGroup;
			children = (
				1FC5BAE71DAFE67E0038B880 /* SF_Calculator */,
				1FC5BAE61DAFE67E0038B880 /* Products */,
			);
			sourceTree = "<group>";
		};
		1FC5BAE61DAFE67E0038B880 /* Products */ = {
			isa = PBXGroup;
			children = (
				1FC5BAE51DAFE67E0038B880 /* SF_Calculator.app */,
			);
			name = Products;
			sourceTree = "<group>";
		};
		1FC5BAE71DAFE67E0038B880 /* SF_Calculator */ = {
			isa = PBXGroup;
			children = (
				1FC5BAE81DAFE67E0038B880 /* AppDelegate.swift */,
				1FC5BAEA1DAFE67E0038B880 /* ViewController.swift */,
				1FC5BAEC1DAFE67E0038B880 /* Main.storyboard */,
				1FC5BAEF1DAFE67E0038B880 /* Assets.xcassets */,
				1FC5BAF11DAFE67E0038B880 /* LaunchScreen.storyboard */,
				1FC5BAF41DAFE67E0038B880 /* Info.plist */,
				1FB108E51DB527DE007E34AB /* CalculatorBrain.swift */,
			);
			path = SF_Calculator;
			sourceTree = "<group>";
		};
/* End PBXGroup section */

/* Begin PBXNativeTarget section */
		1FC5BAE41DAFE67D0038B880 /* SF_Calculator */ = {
			isa = PBXNativeTarget;
			buildConfigurationList = 1FC5BAF71DAFE67E0038B880 /* Build configuration list for PBXNativeTarget "SF_Calculator" */;
			buildPhases = (
				1FC5BAE11DAFE67D0038B880 /* Sources */,
				1FC5BAE21DAFE67D0038B880 /* Frameworks */,
				1FC5BAE31DAFE67D0038B880 /* Resources */,
			);
			buildRules = (
			);
			dependencies = (
			);
			name = SF_Calculator;
			productName = SF_Calculator;
			productReference = 1FC5BAE51DAFE67E0038B880 /* SF_Calculator.app */;
			productType = "com.apple.product-type.application";
		};
/* End PBXNativeTarget section */

/* Begin PBXProject section */
		1FC5BADD1DAFE67D0038B880 /* Project object */ = {
			isa = PBXProject;
			attributes = {
				LastSwiftUpdateCheck = 0800;
				LastUpgradeCheck = 0800;
				ORGANIZATIONNAME = lcjingdi;
				TargetAttributes = {
					1FC5BAE41DAFE67D0038B880 = {
						CreatedOnToolsVersion = 8.0;
						DevelopmentTeam = Y8JXJJDDJR;
						ProvisioningStyle = Automatic;
					};
				};
			};
			buildConfigurationList = 1FC5BAE01DAFE67D0038B880 /* Build configuration list for PBXProject "SF_Calculator" */;
			compatibilityVersion = "Xcode 3.2";
			developmentRegion = English;
			hasScannedForEncodings = 0;
			knownRegions = (
				en,
				Base,
			);
			mainGroup = 1FC5BADC1DAFE67D0038B880;
			productRefGroup = 1FC5BAE61DAFE67E0038B880 /* Products */;
			projectDirPath = "";
			projectRoot = "";
			targets = (
				1FC5BAE41DAFE67D0038B880 /* SF_Calculator */,
			);
		};
/* End PBXProject section */

/* Begin PBXResourcesBuildPhase section */
		1FC5BAE31DAFE67D0038B880 /* Resources */ = {
			isa = PBXResourcesBuildPhase;
			buildActionMask = 2147483647;
			files = (
				1FC5BAF31DAFE67E0038B880 /* LaunchScreen.storyboard in Resources */,
				1FC5BAF01DAFE67E0038B880 /* Assets.xcassets in Resources */,
				1FC5BAEE1DAFE67E0038B880 /* Main.storyboard in Resources */,
			);
			runOnlyForDeploymentPostprocessing = 0;
		};
/* End PBXResourcesBuildPhase section */

/* Begin PBXSourcesBuildPhase section */
		1FC5BAE11DAFE67D0038B880 /* Sources */ = {
			isa = PBXSourcesBuildPhase;
			buildActionMask = 2147483647;
			files = (
				1FB108E61DB527DE007E34AB /* CalculatorBrain.swift in Sources */,
				1FC5BAEB1DAFE67E0038B880 /* ViewController.swift in Sources */,
				1FC5BAE91DAFE67E0038B880 /* AppDelegate.swift in Sources */,
			);
			runOnlyForDeploymentPostprocessing = 0;
		};
/* End PBXSourcesBuildPhase section */

/* Begin PBXVariantGroup section */
		1FC5BAEC1DAFE67E0038B880 /* Main.storyboard */ = {
			isa = PBXVariantGroup;
			children = (
				1FC5BAED1DAFE67E0038B880 /* Base */,
			);
			name = Main.storyboard;
			sourceTree = "<group>";
		};
		1FC5BAF11DAFE67E0038B880 /* LaunchScreen.storyboard */ = {
			isa = PBXVariantGroup;
			children = (
				1FC5BAF21DAFE67E0038B880 /* Base */,
			);
			name = LaunchScreen.storyboard;
			sourceTree = "<group>";
		};
/* End PBXVariantGroup section */

/* Begin XCBuildConfiguration section */
		1FC5BAF51DAFE67E0038B880 /* Debug */ = {
			isa = XCBuildConfiguration;
			buildSettings = {
				ALWAYS_SEARCH_USER_PATHS = NO;
				CLANG_ANALYZER_NONNULL = YES;
				CLANG_CXX_LANGUAGE_STANDARD = "gnu++0x";
				CLANG_CXX_LIBRARY = "libc++";
				CLANG_ENABLE_MODULES = YES;
				CLANG_ENABLE_OBJC_ARC = YES;
				CLANG_WARN_BOOL_CONVERSION = YES;
				CLANG_WARN_CONSTANT_CONVERSION = YES;
				CLANG_WARN_DIRECT_OBJC_ISA_USAGE = YES_ERROR;
				CLANG_WARN_DOCUMENTATION_COMMENTS = YES;
				CLANG_WARN_EMPTY_BODY = YES;
				CLANG_WARN_ENUM_CONVERSION = YES;
				CLANG_WARN_INFINITE_RECURSION = YES;
				CLANG_WARN_INT_CONVERSION = YES;
				CLANG_WARN_OBJC_ROOT_CLASS = YES_ERROR;
				CLANG_WARN_SUSPICIOUS_MOVES = YES;
				CLANG_WARN_UNREACHABLE_CODE = YES;
				CLANG_WARN__DUPLICATE_METHOD_MATCH = YES;
				"CODE_SIGN_IDENTITY[sdk=iphoneos*]" = "iPhone Developer";
				COPY_PHASE_STRIP = NO;
				DEBUG_INFORMATION_FORMAT = dwarf;
				ENABLE_STRICT_OBJC_MSGSEND = YES;
				ENABLE_TESTABILITY = YES;
				GCC_C_LANGUAGE_STANDARD = gnu99;
				GCC_DYNAMIC_NO_PIC = NO;
				GCC_NO_COMMON_BLOCKS = YES;
				GCC_OPTIMIZATION_LEVEL = 0;
				GCC_PREPROCESSOR_DEFINITIONS = (
					"DEBUG=1",
					"$(inherited)",
				);
				GCC_WARN_64_TO_32_BIT_CONVERSION = YES;
				GCC_WARN_ABOUT_RETURN_TYPE = YES_ERROR;
				GCC_WARN_UNDECLARED_SELECTOR = YES;
				GCC_WARN_UNINITIALIZED_AUTOS = YES_AGGRESSIVE;
				GCC_WARN_UNUSED_FUNCTION = YES;
				GCC_WARN_UNUSED_VARIABLE = YES;
				IPHONEOS_DEPLOYMENT_TARGET = 10.0;
				MTL_ENABLE_DEBUG_INFO = YES;
				ONLY_ACTIVE_ARCH = YES;
				SDKROOT = iphoneos;
				SWIFT_ACTIVE_COMPILATION_CONDITIONS = DEBUG;
				SWIFT_OPTIMIZATION_LEVEL = "-Onone";
				TARGETED_DEVICE_FAMILY = "1,2";
			};
			name = Debug;
		};
		1FC5BAF61DAFE67E0038B880 /* Release */ = {
			isa = XCBuildConfiguration;
			buildSettings = {
				ALWAYS_SEARCH_USER_PATHS = NO;
				CLANG_ANALYZER_NONNULL = YES;
				CLANG_CXX_LANGUAGE_STANDARD = "gnu++0x";
				CLANG_CXX_LIBRARY = "libc++";
				CLANG_ENABLE_MODULES = YES;
				CLANG_ENABLE_OBJC_ARC = YES;
				CLANG_WARN_BOOL_CONVERSION = YES;
				CLANG_WARN_CONSTANT_CONVERSION = YES;
				CLANG_WARN_DIRECT_OBJC_ISA_USAGE = YES_ERROR;
				CLANG_WARN_DOCUMENTATION_COMMENTS = YES;
				CLANG_WARN_EMPTY_BODY = YES;
				CLANG_WARN_ENUM_CONVERSION = YES;
				CLANG_WARN_INFINITE_RECURSION = YES;
				CLANG_WARN_INT_CONVERSION = YES;
				CLANG_WARN_OBJC_ROOT_CLASS = YES_ERROR;
				CLANG_WARN_SUSPICIOUS_MOVES = YES;
				CLANG_WARN_UNREACHABLE_CODE = YES;
				CLANG_WARN__DUPLICATE_METHOD_MATCH = YES;
				"CODE_SIGN_IDENTITY[sdk=iphoneos*]" = "iPhone Developer";
				COPY_PHASE_STRIP = NO;
				DEBUG_INFORMATION_FORMAT = "dwarf-with-dsym";
				ENABLE_NS_ASSERTIONS = NO;
				ENABLE_STRICT_OBJC_MSGSEND = YES;
				GCC_C_LANGUAGE_STANDARD = gnu99;
				GCC_NO_COMMON_BLOCKS = YES;
				GCC_WARN_64_TO_32_BIT_CONVERSION = YES;
				GCC_WARN_ABOUT_RETURN_TYPE = YES_ERROR;
				GCC_WARN_UNDECLARED_SELECTOR = YES;
				GCC_WARN_UNINITIALIZED_AUTOS = YES_AGGRESSIVE;
				GCC_WARN_UNUSED_FUNCTION = YES;
				GCC_WARN_UNUSED_VARIABLE = YES;
				IPHONEOS_DEPLOYMENT_TARGET = 10.0;
				MTL_ENABLE_DEBUG_INFO = NO;
				SDKROOT = iphoneos;
				SWIFT_OPTIMIZATION_LEVEL = "-Owholemodule";
				TARGETED_DEVICE_FAMILY = "1,2";
				VALIDATE_PRODUCT = YES;
			};
			name = Release;
		};
		1FC5BAF81DAFE67E0038B880 /* Debug */ = {
			isa = XCBuildConfiguration;
			buildSettings = {
				ASSETCATALOG_COMPILER_APPICON_NAME = AppIcon;
				DEVELOPMENT_TEAM = Y8JXJJDDJR;
				INFOPLIST_FILE = SF_Calculator/Info.plist;
				IPHONEOS_DEPLOYMENT_TARGET = 8.0;
				LD_RUNPATH_SEARCH_PATHS = "$(inherited) @executable_path/Frameworks";
				PRODUCT_BUNDLE_IDENTIFIER = "com.lcjingdi.SF-Calculator";
				PRODUCT_NAME = "$(TARGET_NAME)";
				SWIFT_VERSION = 3.0;
			};
			name = Debug;
		};
		1FC5BAF91DAFE67E0038B880 /* Release */ = {
			isa = XCBuildConfiguration;
			buildSettings = {
				ASSETCATALOG_COMPILER_APPICON_NAME = AppIcon;
				DEVELOPMENT_TEAM = Y8JXJJDDJR;
				INFOPLIST_FILE = SF_Calculator/Info.plist;
				IPHONEOS_DEPLOYMENT_TARGET = 8.0;
				LD_RUNPATH_SEARCH_PATHS = "$(inherited) @executable_path/Frameworks";
				PRODUCT_BUNDLE_IDENTIFIER = "com.lcjingdi.SF-Calculator";
				PRODUCT_NAME = "$(TARGET_NAME)";
				SWIFT_VERSION = 3.0;
			};
			name = Release;
		};
/* End XCBuildConfiguration section */

/* Begin XCConfigurationList section */
		1FC5BAE01DAFE67D0038B880 /* Build configuration list for PBXProject "SF_Calculator" */ = {
			isa = XCConfigurationList;
			buildConfigurations = (
				1FC5BAF51DAFE67E0038B880 /* Debug */,
				1FC5BAF61DAFE67E0038B880 /* Release */,
			);
			defaultConfigurationIsVisible = 0;
			defaultConfigurationName = Release;
		};
		1FC5BAF71DAFE67E0038B880 /* Build configuration list for PBXNativeTarget "SF_Calculator" */ = {
			isa = XCConfigurationList;
			buildConfigurations = (
				1FC5BAF81DAFE67E0038B880 /* Debug */,
				1FC5BAF91DAFE67E0038B880 /* Release */,
			);
			defaultConfigurationIsVisible = 0;
			defaultConfigurationName = Release;
		};
/* End XCConfigurationList section */
	};
	rootObject = 1FC5BADD1DAFE67D0038B880 /* Project object */;
}
